{
  "nodes": {
    "nixos-hardware": {
      "locked": {
        "lastModified": 1738471961,
        "narHash": "sha256-cgXDFrplNGs7bCVzXhRofjD8oJYqqXGcmUzXjHmip6Y=",
        "owner": "NixOS",
        "repo": "nixos-hardware",
        "rev": "537286c3c59b40311e5418a180b38034661d2536",
        "type": "github"
      },
      "original": {
        "owner": "NixOS",
        "ref": "master",
        "repo": "nixos-hardware",
        "type": "github"
      }
    },
    "nixpkgs": {
      "locked": {
        "lastModified": 1738277201,
        "narHash": "sha256-6L+WXKCw5mqnUIExvqkD99pJQ41xgyCk6z/H9snClwk=",
        "owner": "NixOS",
        "repo": "nixpkgs",
        "rev": "666e1b3f09c267afd66addebe80fb05a5ef2b554",
        "type": "github"
      },
      "original": {
        "owner": "NixOS",
        "ref": "nixos-24.11",
        "repo": "nixpkgs",
        "type": "github"
      }
    },
    "root": {
      "inputs": {
        "nixos-hardware": "nixos-hardware",
        "nixpkgs": "nixpkgs"
      }
    }
  },
  "root": "root",
  "version": 7
}
